
Microsoft Visual Studio Solution File, Format Version 12.00
# Visual Studio Version 17
VisualStudioVersion = 17.14.37111.16 d17.14
MinimumVisualStudioVersion = 10.0.40219.1
Project("{FAE04EC0-301F-11D3-BF4B-00C04F79EFBC}") = "Myary", "Myary\Myary.csproj", "{FCAADAE9-D477-46AA-92B2-69979DC3468F}"
EndProject
Global
	GlobalSection(SolutionConfigurationPlatforms) = preSolution
		Debug|ARM64 = Debug|ARM64
		Debug|x64 = Debug|x64
		Debug|x86 = Debug|x86
		Release|ARM64 = Release|ARM64
		Release|x64 = Release|x64
		Release|x86 = Release|x86
	EndGlobalSection
	GlobalSection(ProjectConfigurationPlatforms) = postSolution
		{FCAADAE9-D477-46AA-92B2-69979DC3468F}.Debug|ARM64.ActiveCfg = Debug|ARM64
		{FCAADAE9-D477-46AA-92B2-69979DC3468F}.Debug|ARM64.Build.0 = Debug|ARM64
		{FCAADAE9-D477-46AA-92B2-69979DC3468F}.Debug|ARM64.Deploy.0 = Debug|ARM64
		{FCAADAE9-D477-46AA-92B2-69979DC3468F}.Debug|x64.ActiveCfg = Debug|x64
		{FCAADAE9-D477-46AA-92B2-69979DC3468F}.Debug|x64.Build.0 = Debug|x64
		{FCAADAE9-D477-46AA-92B2-69979DC3468F}.Debug|x64.Deploy.0 = Debug|x64
		{FCAADAE9-D477-46AA-92B2-69979DC3468F}.Debug|x86.ActiveCfg = Debug|x86
		{FCAADAE9-D477-46AA-92B2-69979DC3468F}.Debug|x86.Build.0 = Debug|x86
		{FCAADAE9-D477-46AA-92B2-69979DC3468F}.Debug|x86.Deploy.0 = Debug|x86
		{FCAADAE9-D477-46AA-92B2-69979DC3468F}.Release|ARM64.ActiveCfg = Release|ARM64
		{FCAADAE9-D477-46AA-92B2-69979DC3468F}.Release|ARM64.Build.0 = Release|ARM64
		{FCAADAE9-D477-46AA-92B2-69979DC3468F}.Release|ARM64.Deploy.0 = Release|ARM64
		{FCAADAE9-D477-46AA-92B2-69979DC3468F}.Release|x64.ActiveCfg = Release|x64
		{FCAADAE9-D477-46AA-92B2-69979DC3468F}.Release|x64.Build.0 = Release|x64
		{FCAADAE9-D477-46AA-92B2-69979DC3468F}.Release|x64.Deploy.0 = Release|x64
		{FCAADAE9-D477-46AA-92B2-69979DC3468F}.Release|x86.ActiveCfg = Release|x86
		{FCAADAE9-D477-46AA-92B2-69979DC3468F}.Release|x86.Build.0 = Release|x86
		{FCAADAE9-D477-46AA-92B2-69979DC3468F}.Release|x86.Deploy.0 = Release|x86
	EndGlobalSection
	GlobalSection(SolutionProperties) = preSolution
		HideSolutionNode = FALSE
	EndGlobalSection
	GlobalSection(ExtensibilityGlobals) = postSolution
		SolutionGuid = {E77C8732-A3C2-49B2-A92C-63CFB0170602}
	EndGlobalSection
EndGlobal
